{
  "name": "turismo-app",
  "version": "1.0.0",
  "lockfileVersion": 1,
  "requires": true,
  "dependencies": {
    "vue": {
      "version": "2.5.17",
      "resolved": "https://registry.npmjs.org/vue/-/vue-2.5.17.tgz",
      "integrity": "sha512-mFbcWoDIJi0w0Za4emyLiW72Jae0yjANHbCVquMKijcavBGypqlF7zHRgMa5k4sesdv7hv2rB4JPdZfR+TPfhQ=="
    },
    "vuetify": {
      "version": "1.2.3",
      "resolved": "https://registry.npmjs.org/vuetify/-/vuetify-1.2.3.tgz",
      "integrity": "sha512-ssMsLVwth62T4usPAFbn8yk69qqBDp4VWPmlY4XiYZ7aGMPoa/sQ08BlAeG8J81y+K60bY88FZ2gquQKlGqlsg=="
    }
  }
}
